
Microsoft Visual Studio Solution File, Format Version 12.00
# Visual Studio Version 17
VisualStudioVersion = 17.7.34031.279
MinimumVisualStudioVersion = 10.0.40219.1
Project("{9A19103F-16F7-4668-BE54-9A1E7A4F7556}") = "IntegrationModule", "IntegrationModule\IntegrationModule.csproj", "{1C0822DD-275C-49F9-BC71-0C5F3212852E}"
EndProject
Project("{9A19103F-16F7-4668-BE54-9A1E7A4F7556}") = "AdminModule", "AdminModule\AdminModule.csproj", "{8301B5A4-E898-4141-9424-4FA35F047EB0}"
EndProject
Project("{FAE04EC0-301F-11D3-BF4B-00C04F79EFBC}") = "PublicModule", "PublicModule\PublicModule.csproj", "{89683072-F77B-44C8-A243-F461DF7E3D64}"
EndProject
Global
	GlobalSection(SolutionConfigurationPlatforms) = preSolution
		Debug|Any CPU = Debug|Any CPU
		Release|Any CPU = Release|Any CPU
	EndGlobalSection
	GlobalSection(ProjectConfigurationPlatforms) = postSolution
		{1C0822DD-275C-49F9-BC71-0C5F3212852E}.Debug|Any CPU.ActiveCfg = Debug|Any CPU
		{1C0822DD-275C-49F9-BC71-0C5F3212852E}.Debug|Any CPU.Build.0 = Debug|Any CPU
		{1C0822DD-275C-49F9-BC71-0C5F3212852E}.Release|Any CPU.ActiveCfg = Release|Any CPU
		{1C0822DD-275C-49F9-BC71-0C5F3212852E}.Release|Any CPU.Build.0 = Release|Any CPU
		{8301B5A4-E898-4141-9424-4FA35F047EB0}.Debug|Any CPU.ActiveCfg = Debug|Any CPU
		{8301B5A4-E898-4141-9424-4FA35F047EB0}.Debug|Any CPU.Build.0 = Debug|Any CPU
		{8301B5A4-E898-4141-9424-4FA35F047EB0}.Release|Any CPU.ActiveCfg = Release|Any CPU
		{8301B5A4-E898-4141-9424-4FA35F047EB0}.Release|Any CPU.Build.0 = Release|Any CPU
		{89683072-F77B-44C8-A243-F461DF7E3D64}.Debug|Any CPU.ActiveCfg = Debug|Any CPU
		{89683072-F77B-44C8-A243-F461DF7E3D64}.Debug|Any CPU.Build.0 = Debug|Any CPU
		{89683072-F77B-44C8-A243-F461DF7E3D64}.Release|Any CPU.ActiveCfg = Release|Any CPU
		{89683072-F77B-44C8-A243-F461DF7E3D64}.Release|Any CPU.Build.0 = Release|Any CPU
	EndGlobalSection
	GlobalSection(SolutionProperties) = preSolution
		HideSolutionNode = FALSE
	EndGlobalSection
	GlobalSection(ExtensibilityGlobals) = postSolution
		SolutionGuid = {9486E28E-52CD-40C1-A72F-AD724BF40BE7}
	EndGlobalSection
EndGlobal
